
Microsoft Visual Studio Solution File, Format Version 12.00
# Visual Studio 14
VisualStudioVersion = 14.0.25123.0
MinimumVisualStudioVersion = 10.0.40219.1
Project("{FAE04EC0-301F-11D3-BF4B-00C04F79EFBC}") = "WH40JFS", "WH40JFS\WH40JFS.csproj", "{371A747F-9394-4E04-9175-A149C508C879}"
EndProject
Global
	GlobalSection(SolutionConfigurationPlatforms) = preSolution
		Debug|Any CPU = Debug|Any CPU
		Release|Any CPU = Release|Any CPU
	EndGlobalSection
	GlobalSection(ProjectConfigurationPlatforms) = postSolution
		{371A747F-9394-4E04-9175-A149C508C879}.Debug|Any CPU.ActiveCfg = Debug|Any CPU
		{371A747F-9394-4E04-9175-A149C508C879}.Debug|Any CPU.Build.0 = Debug|Any CPU
		{371A747F-9394-4E04-9175-A149C508C879}.Release|Any CPU.ActiveCfg = Release|Any CPU
		{371A747F-9394-4E04-9175-A149C508C879}.Release|Any CPU.Build.0 = Release|Any CPU
	EndGlobalSection
	GlobalSection(SolutionProperties) = preSolution
		HideSolutionNode = FALSE
	EndGlobalSection
EndGlobal
